// !$*UTF8*$!
{
	archiveVersion = 1;
	classes = {
	};
	objectVersion = 46;
	objects = {

/* Begin PBXBuildFile section */
		AC484DB41AD6A67E009EB609 /* AppDelegate.swift in Sources */ = {isa = PBXBuildFile; fileRef = AC484DB31AD6A67E009EB609 /* AppDelegate.swift */; };
		AC484DB61AD6A67E009EB609 /* ViewController.swift in Sources */ = {isa = PBXBuildFile; fileRef = AC484DB51AD6A67E009EB609 /* ViewController.swift */; };
		AC484DB91AD6A67E009EB609 /* Main.storyboard in Resources */ = {isa = PBXBuildFile; fileRef = AC484DB71AD6A67E009EB609 /* Main.storyboard */; };
		AC484DBB1AD6A67E009EB609 /* Images.xcassets in Resources */ = {isa = PBXBuildFile; fileRef = AC484DBA1AD6A67E009EB609 /* Images.xcassets */; };
		AC484DBE1AD6A67E009EB609 /* LaunchScreen.xib in Resources */ = {isa = PBXBuildFile; fileRef = AC484DBC1AD6A67E009EB609 /* LaunchScreen.xib */; };
		AC484DCA1AD6A67E009EB609 /* MacPuf_IPadTests.swift in Sources */ = {isa = PBXBuildFile; fileRef = AC484DC91AD6A67E009EB609 /* MacPuf_IPadTests.swift */; };
		AC6481EB1AD83981004FD214 /* Heart.swift in Sources */ = {isa = PBXBuildFile; fileRef = AC6481EA1AD83981004FD214 /* Heart.swift */; };
		AC6481EF1AD97A01004FD214 /* Bag.swift in Sources */ = {isa = PBXBuildFile; fileRef = AC6481EE1AD97A01004FD214 /* Bag.swift */; };
		ACAA9F6B1AD6A9E8003390CA /* Metabolizer.swift in Sources */ = {isa = PBXBuildFile; fileRef = ACAA9F6A1AD6A9E8003390CA /* Metabolizer.swift */; };
		ACAA9F701AD6AAF1003390CA /* MacPuffBook.pdf in Resources */ = {isa = PBXBuildFile; fileRef = ACAA9F6F1AD6AAF1003390CA /* MacPuffBook.pdf */; };
		ACAA9F741AD6ADBD003390CA /* ArterialPool.swift in Sources */ = {isa = PBXBuildFile; fileRef = ACAA9F731AD6ADBD003390CA /* ArterialPool.swift */; };
/* End PBXBuildFile section */

/* Begin PBXContainerItemProxy section */
		AC484DC41AD6A67E009EB609 /* PBXContainerItemProxy */ = {
			isa = PBXContainerItemProxy;
			containerPortal = AC484DA61AD6A67E009EB609 /* Project object */;
			proxyType = 1;
			remoteGlobalIDString = AC484DAD1AD6A67E009EB609;
			remoteInfo = MacPuf_IPad;
		};
/* End PBXContainerItemProxy section */

/* Begin PBXFileReference section */
		AC484DAE1AD6A67E009EB609 /* MacPuf_IPad.app */ = {isa = PBXFileReference; explicitFileType = wrapper.application; includeInIndex = 0; path = MacPuf_IPad.app; sourceTree = BUILT_PRODUCTS_DIR; };
		AC484DB21AD6A67E009EB609 /* Info.plist */ = {isa = PBXFileReference; lastKnownFileType = text.plist.xml; path = Info.plist; sourceTree = "<group>"; };
		AC484DB31AD6A67E009EB609 /* AppDelegate.swift */ = {isa = PBXFileReference; lastKnownFileType = sourcecode.swift; path = AppDelegate.swift; sourceTree = "<group>"; };
		AC484DB51AD6A67E009EB609 /* ViewController.swift */ = {isa = PBXFileReference; lastKnownFileType = sourcecode.swift; path = ViewController.swift; sourceTree = "<group>"; };
		AC484DB81AD6A67E009EB609 /* Base */ = {isa = PBXFileReference; lastKnownFileType = file.storyboard; name = Base; path = Base.lproj/Main.storyboard; sourceTree = "<group>"; };
		AC484DBA1AD6A67E009EB609 /* Images.xcassets */ = {isa = PBXFileReference; lastKnownFileType = folder.assetcatalog; path = Images.xcassets; sourceTree = "<group>"; };
		AC484DBD1AD6A67E009EB609 /* Base */ = {isa = PBXFileReference; lastKnownFileType = file.xib; name = Base; path = Base.lproj/LaunchScreen.xib; sourceTree = "<group>"; };
		AC484DC31AD6A67E009EB609 /* MacPuf_IPadTests.xctest */ = {isa = PBXFileReference; explicitFileType = wrapper.cfbundle; includeInIndex = 0; path = MacPuf_IPadTests.xctest; sourceTree = BUILT_PRODUCTS_DIR; };
		AC484DC81AD6A67E009EB609 /* Info.plist */ = {isa = PBXFileReference; lastKnownFileType = text.plist.xml; path = Info.plist; sourceTree = "<group>"; };
		AC484DC91AD6A67E009EB609 /* MacPuf_IPadTests.swift */ = {isa = PBXFileReference; lastKnownFileType = sourcecode.swift; path = MacPuf_IPadTests.swift; sourceTree = "<group>"; };
		AC6481EA1AD83981004FD214 /* Heart.swift */ = {isa = PBXFileReference; fileEncoding = 4; lastKnownFileType = sourcecode.swift; path = Heart.swift; sourceTree = "<group>"; };
		AC6481EE1AD97A01004FD214 /* Bag.swift */ = {isa = PBXFileReference; fileEncoding = 4; lastKnownFileType = sourcecode.swift; path = Bag.swift; sourceTree = "<group>"; };
		ACAA9F391AD6A8D3003390CA /* BAGER.F */ = {isa = PBXFileReference; explicitFileType = sourcecode.fortran.f77; path = BAGER.F; sourceTree = "<group>"; };
		ACAA9F3A1AD6A8D3003390CA /* BRETH.F */ = {isa = PBXFileReference; lastKnownFileType = sourcecode.fortran; path = BRETH.F; sourceTree = "<group>"; };
		ACAA9F3B1AD6A8D3003390CA /* CHECK.F */ = {isa = PBXFileReference; lastKnownFileType = sourcecode.fortran; path = CHECK.F; sourceTree = "<group>"; };
		ACAA9F3C1AD6A8D3003390CA /* CLIN1.F */ = {isa = PBXFileReference; lastKnownFileType = sourcecode.fortran; path = CLIN1.F; sourceTree = "<group>"; };
		ACAA9F3D1AD6A8D3003390CA /* CLIN2.F (experimental) */ = {isa = PBXFileReference; lastKnownFileType = text; path = "CLIN2.F (experimental)"; sourceTree = "<group>"; };
		ACAA9F3E1AD6A8D3003390CA /* COMMT.F */ = {isa = PBXFileReference; lastKnownFileType = sourcecode.fortran; path = COMMT.F; sourceTree = "<group>"; };
		ACAA9F3F1AD6A8D3003390CA /* CONST.F */ = {isa = PBXFileReference; lastKnownFileType = sourcecode.fortran; path = CONST.F; sourceTree = "<group>"; };
		ACAA9F401AD6A8D3003390CA /* DEADY.F */ = {isa = PBXFileReference; lastKnownFileType = sourcecode.fortran; path = DEADY.F; sourceTree = "<group>"; };
		ACAA9F411AD6A8D3003390CA /* DEATH.F */ = {isa = PBXFileReference; lastKnownFileType = sourcecode.fortran; path = DEATH.F; sourceTree = "<group>"; };
		ACAA9F421AD6A8D3003390CA /* DELAY.F */ = {isa = PBXFileReference; lastKnownFileType = sourcecode.fortran; path = DELAY.F; sourceTree = "<group>"; };
		ACAA9F431AD6A8D3003390CA /* DUMP.F */ = {isa = PBXFileReference; lastKnownFileType = sourcecode.fortran; path = DUMP.F; sourceTree = "<group>"; };
		ACAA9F441AD6A8D3003390CA /* GASES.F */ = {isa = PBXFileReference; lastKnownFileType = sourcecode.fortran; path = GASES.F; sourceTree = "<group>"; };
		ACAA9F451AD6A8D3003390CA /* GSINV.F */ = {isa = PBXFileReference; lastKnownFileType = sourcecode.fortran; path = GSINV.F; sourceTree = "<group>"; };
		ACAA9F461AD6A8D3003390CA /* MACPUF17december1981JMD.for */ = {isa = PBXFileReference; lastKnownFileType = sourcecode.fortran; path = MACPUF17december1981JMD.for; sourceTree = "<group>"; };
		ACAA9F471AD6A8D3003390CA /* MINIT.F */ = {isa = PBXFileReference; lastKnownFileType = sourcecode.fortran; path = MINIT.F; sourceTree = "<group>"; };
		ACAA9F481AD6A8D3003390CA /* NXTWD.F */ = {isa = PBXFileReference; lastKnownFileType = sourcecode.fortran; path = NXTWD.F; sourceTree = "<group>"; };
		ACAA9F491AD6A8D3003390CA /* outline.f */ = {isa = PBXFileReference; lastKnownFileType = sourcecode.fortran; path = outline.f; sourceTree = "<group>"; };
		ACAA9F4A1AD6A8D3003390CA /* QUERY.F */ = {isa = PBXFileReference; lastKnownFileType = sourcecode.fortran; path = QUERY.F; sourceTree = "<group>"; };
		ACAA9F4B1AD6A8D3003390CA /* SYMPT.F */ = {isa = PBXFileReference; lastKnownFileType = sourcecode.fortran; path = SYMPT.F; sourceTree = "<group>"; };
		ACAA9F4C1AD6A8D3003390CA /* UNITS.F */ = {isa = PBXFileReference; lastKnownFileType = sourcecode.fortran; path = UNITS.F; sourceTree = "<group>"; };
		ACAA9F4D1AD6A8D3003390CA /* V1.F */ = {isa = PBXFileReference; lastKnownFileType = sourcecode.fortran; path = V1.F; sourceTree = "<group>"; };
		ACAA9F4E1AD6A8D3003390CA /* VALUE.F */ = {isa = PBXFileReference; lastKnownFileType = sourcecode.fortran; path = VALUE.F; sourceTree = "<group>"; };
		ACAA9F501AD6A975003390CA /* ArterialPool.h */ = {isa = PBXFileReference; lastKnownFileType = sourcecode.c.h; path = ArterialPool.h; sourceTree = "<group>"; };
		ACAA9F511AD6A975003390CA /* ArterialPool.m */ = {isa = PBXFileReference; lastKnownFileType = sourcecode.c.objc; path = ArterialPool.m; sourceTree = "<group>"; };
		ACAA9F521AD6A975003390CA /* Bag.h */ = {isa = PBXFileReference; lastKnownFileType = sourcecode.c.h; path = Bag.h; sourceTree = "<group>"; };
		ACAA9F531AD6A975003390CA /* Bag.m */ = {isa = PBXFileReference; lastKnownFileType = sourcecode.c.objc; path = Bag.m; sourceTree = "<group>"; };
		ACAA9F541AD6A975003390CA /* Brain.h */ = {isa = PBXFileReference; lastKnownFileType = sourcecode.c.h; path = Brain.h; sourceTree = "<group>"; };
		ACAA9F551AD6A975003390CA /* Brain.m */ = {isa = PBXFileReference; lastKnownFileType = sourcecode.c.objc; path = Brain.m; sourceTree = "<group>"; };
		ACAA9F561AD6A975003390CA /* Credits.rtf */ = {isa = PBXFileReference; lastKnownFileType = text.rtf; path = Credits.rtf; sourceTree = "<group>"; };
		ACAA9F571AD6A975003390CA /* Factors.h */ = {isa = PBXFileReference; lastKnownFileType = sourcecode.c.h; path = Factors.h; sourceTree = "<group>"; };
		ACAA9F581AD6A975003390CA /* Factors.m */ = {isa = PBXFileReference; lastKnownFileType = sourcecode.c.objc; path = Factors.m; sourceTree = "<group>"; };
		ACAA9F591AD6A975003390CA /* Heart.h */ = {isa = PBXFileReference; lastKnownFileType = sourcecode.c.h; path = Heart.h; sourceTree = "<group>"; };
		ACAA9F5A1AD6A975003390CA /* Heart.m */ = {isa = PBXFileReference; lastKnownFileType = sourcecode.c.objc; path = Heart.m; sourceTree = "<group>"; };
		ACAA9F5B1AD6A975003390CA /* Human.h */ = {isa = PBXFileReference; lastKnownFileType = sourcecode.c.h; path = Human.h; sourceTree = "<group>"; };
		ACAA9F5C1AD6A975003390CA /* Human.m */ = {isa = PBXFileReference; lastKnownFileType = sourcecode.c.objc; path = Human.m; sourceTree = "<group>"; };
		ACAA9F5D1AD6A975003390CA /* Lung.h */ = {isa = PBXFileReference; lastKnownFileType = sourcecode.c.h; path = Lung.h; sourceTree = "<group>"; };
		ACAA9F5E1AD6A975003390CA /* Lung.m */ = {isa = PBXFileReference; lastKnownFileType = sourcecode.c.objc; path = Lung.m; sourceTree = "<group>"; };
		ACAA9F5F1AD6A975003390CA /* Metabolizer.h */ = {isa = PBXFileReference; lastKnownFileType = sourcecode.c.h; path = Metabolizer.h; sourceTree = "<group>"; };
		ACAA9F601AD6A975003390CA /* Metabolizer.m */ = {isa = PBXFileReference; lastKnownFileType = sourcecode.c.objc; path = Metabolizer.m; sourceTree = "<group>"; };
		ACAA9F611AD6A975003390CA /* MyDocument.h */ = {isa = PBXFileReference; lastKnownFileType = sourcecode.c.h; path = MyDocument.h; sourceTree = "<group>"; };
		ACAA9F621AD6A975003390CA /* MyDocument.m */ = {isa = PBXFileReference; lastKnownFileType = sourcecode.c.objc; path = MyDocument.m; sourceTree = "<group>"; };
		ACAA9F631AD6A975003390CA /* Tissue.h */ = {isa = PBXFileReference; lastKnownFileType = sourcecode.c.h; path = Tissue.h; sourceTree = "<group>"; };
		ACAA9F641AD6A975003390CA /* Tissue.m */ = {isa = PBXFileReference; lastKnownFileType = sourcecode.c.objc; path = Tissue.m; sourceTree = "<group>"; };
		ACAA9F651AD6A975003390CA /* VenousPool.h */ = {isa = PBXFileReference; lastKnownFileType = sourcecode.c.h; path = VenousPool.h; sourceTree = "<group>"; };
		ACAA9F661AD6A975003390CA /* VenousPool.m */ = {isa = PBXFileReference; lastKnownFileType = sourcecode.c.objc; path = VenousPool.m; sourceTree = "<group>"; };
		ACAA9F671AD6A975003390CA /* Ventilator.h */ = {isa = PBXFileReference; lastKnownFileType = sourcecode.c.h; path = Ventilator.h; sourceTree = "<group>"; };
		ACAA9F681AD6A975003390CA /* Ventilator.m */ = {isa = PBXFileReference; lastKnownFileType = sourcecode.c.objc; path = Ventilator.m; sourceTree = "<group>"; };
		ACAA9F6A1AD6A9E8003390CA /* Metabolizer.swift */ = {isa = PBXFileReference; fileEncoding = 4; lastKnownFileType = sourcecode.swift; path = Metabolizer.swift; sourceTree = "<group>"; };
		ACAA9F6C1AD6AA2C003390CA /* Progress Logbook */ = {isa = PBXFileReference; lastKnownFileType = text; path = "Progress Logbook"; sourceTree = "<group>"; };
		ACAA9F6D1AD6AA2C003390CA /* VARIABLES */ = {isa = PBXFileReference; lastKnownFileType = text; path = VARIABLES; sourceTree = "<group>"; };
		ACAA9F6F1AD6AAF1003390CA /* MacPuffBook.pdf */ = {isa = PBXFileReference; lastKnownFileType = image.pdf; path = MacPuffBook.pdf; sourceTree = "<group>"; };
		ACAA9F731AD6ADBD003390CA /* ArterialPool.swift */ = {isa = PBXFileReference; fileEncoding = 4; lastKnownFileType = sourcecode.swift; path = ArterialPool.swift; sourceTree = "<group>"; };
/* End PBXFileReference section */

/* Begin PBXFrameworksBuildPhase section */
		AC484DAB1AD6A67E009EB609 /* Frameworks */ = {
			isa = PBXFrameworksBuildPhase;
			buildActionMask = 2147483647;
			files = (
			);
			runOnlyForDeploymentPostprocessing = 0;
		};
		AC484DC01AD6A67E009EB609 /* Frameworks */ = {
			isa = PBXFrameworksBuildPhase;
			buildActionMask = 2147483647;
			files = (
			);
			runOnlyForDeploymentPostprocessing = 0;
		};
/* End PBXFrameworksBuildPhase section */

/* Begin PBXGroup section */
		AC484DA51AD6A67E009EB609 = {
			isa = PBXGroup;
			children = (
				AC6481EE1AD97A01004FD214 /* Bag.swift */,
				ACAA9F6E1AD6AA3A003390CA /* Documentation */,
				ACAA9F691AD6A981003390CA /* Objective C Source */,
				ACAA9F4F1AD6A8DE003390CA /* FORTRAN Source */,
				AC484DB01AD6A67E009EB609 /* MacPuf_IPad */,
				AC484DC61AD6A67E009EB609 /* MacPuf_IPadTests */,
				AC484DAF1AD6A67E009EB609 /* Products */,
			);
			sourceTree = "<group>";
		};
		AC484DAF1AD6A67E009EB609 /* Products */ = {
			isa = PBXGroup;
			children = (
				AC484DAE1AD6A67E009EB609 /* MacPuf_IPad.app */,
				AC484DC31AD6A67E009EB609 /* MacPuf_IPadTests.xctest */,
			);
			name = Products;
			sourceTree = "<group>";
		};
		AC484DB01AD6A67E009EB609 /* MacPuf_IPad */ = {
			isa = PBXGroup;
			children = (
				AC6481EA1AD83981004FD214 /* Heart.swift */,
				ACAA9F731AD6ADBD003390CA /* ArterialPool.swift */,
				ACAA9F6A1AD6A9E8003390CA /* Metabolizer.swift */,
				AC484DB31AD6A67E009EB609 /* AppDelegate.swift */,
				AC484DB51AD6A67E009EB609 /* ViewController.swift */,
				AC484DB71AD6A67E009EB609 /* Main.storyboard */,
				AC484DBA1AD6A67E009EB609 /* Images.xcassets */,
				AC484DBC1AD6A67E009EB609 /* LaunchScreen.xib */,
				AC484DB11AD6A67E009EB609 /* Supporting Files */,
			);
			path = MacPuf_IPad;
			sourceTree = "<group>";
		};
		AC484DB11AD6A67E009EB609 /* Supporting Files */ = {
			isa = PBXGroup;
			children = (
				AC484DB21AD6A67E009EB609 /* Info.plist */,
			);
			name = "Supporting Files";
			sourceTree = "<group>";
		};
		AC484DC61AD6A67E009EB609 /* MacPuf_IPadTests */ = {
			isa = PBXGroup;
			children = (
				AC484DC91AD6A67E009EB609 /* MacPuf_IPadTests.swift */,
				AC484DC71AD6A67E009EB609 /* Supporting Files */,
			);
			path = MacPuf_IPadTests;
			sourceTree = "<group>";
		};
		AC484DC71AD6A67E009EB609 /* Supporting Files */ = {
			isa = PBXGroup;
			children = (
				AC484DC81AD6A67E009EB609 /* Info.plist */,
			);
			name = "Supporting Files";
			sourceTree = "<group>";
		};
		ACAA9F4F1AD6A8DE003390CA /* FORTRAN Source */ = {
			isa = PBXGroup;
			children = (
				ACAA9F391AD6A8D3003390CA /* BAGER.F */,
				ACAA9F3A1AD6A8D3003390CA /* BRETH.F */,
				ACAA9F3B1AD6A8D3003390CA /* CHECK.F */,
				ACAA9F3C1AD6A8D3003390CA /* CLIN1.F */,
				ACAA9F3D1AD6A8D3003390CA /* CLIN2.F (experimental) */,
				ACAA9F3E1AD6A8D3003390CA /* COMMT.F */,
				ACAA9F3F1AD6A8D3003390CA /* CONST.F */,
				ACAA9F401AD6A8D3003390CA /* DEADY.F */,
				ACAA9F411AD6A8D3003390CA /* DEATH.F */,
				ACAA9F421AD6A8D3003390CA /* DELAY.F */,
				ACAA9F431AD6A8D3003390CA /* DUMP.F */,
				ACAA9F441AD6A8D3003390CA /* GASES.F */,
				ACAA9F451AD6A8D3003390CA /* GSINV.F */,
				ACAA9F461AD6A8D3003390CA /* MACPUF17december1981JMD.for */,
				ACAA9F471AD6A8D3003390CA /* MINIT.F */,
				ACAA9F481AD6A8D3003390CA /* NXTWD.F */,
				ACAA9F491AD6A8D3003390CA /* outline.f */,
				ACAA9F4A1AD6A8D3003390CA /* QUERY.F */,
				ACAA9F4B1AD6A8D3003390CA /* SYMPT.F */,
				ACAA9F4C1AD6A8D3003390CA /* UNITS.F */,
				ACAA9F4D1AD6A8D3003390CA /* V1.F */,
				ACAA9F4E1AD6A8D3003390CA /* VALUE.F */,
			);
			name = "FORTRAN Source";
			sourceTree = "<group>";
		};
		ACAA9F691AD6A981003390CA /* Objective C Source */ = {
			isa = PBXGroup;
			children = (
				ACAA9F501AD6A975003390CA /* ArterialPool.h */,
				ACAA9F511AD6A975003390CA /* ArterialPool.m */,
				ACAA9F521AD6A975003390CA /* Bag.h */,
				ACAA9F531AD6A975003390CA /* Bag.m */,
				ACAA9F541AD6A975003390CA /* Brain.h */,
				ACAA9F551AD6A975003390CA /* Brain.m */,
				ACAA9F561AD6A975003390CA /* Credits.rtf */,
				ACAA9F571AD6A975003390CA /* Factors.h */,
				ACAA9F581AD6A975003390CA /* Factors.m */,
				ACAA9F591AD6A975003390CA /* Heart.h */,
				ACAA9F5A1AD6A975003390CA /* Heart.m */,
				ACAA9F5B1AD6A975003390CA /* Human.h */,
				ACAA9F5C1AD6A975003390CA /* Human.m */,
				ACAA9F5D1AD6A975003390CA /* Lung.h */,
				ACAA9F5E1AD6A975003390CA /* Lung.m */,
				ACAA9F5F1AD6A975003390CA /* Metabolizer.h */,
				ACAA9F601AD6A975003390CA /* Metabolizer.m */,
				ACAA9F611AD6A975003390CA /* MyDocument.h */,
				ACAA9F621AD6A975003390CA /* MyDocument.m */,
				ACAA9F631AD6A975003390CA /* Tissue.h */,
				ACAA9F641AD6A975003390CA /* Tissue.m */,
				ACAA9F651AD6A975003390CA /* VenousPool.h */,
				ACAA9F661AD6A975003390CA /* VenousPool.m */,
				ACAA9F671AD6A975003390CA /* Ventilator.h */,
				ACAA9F681AD6A975003390CA /* Ventilator.m */,
			);
			name = "Objective C Source";
			sourceTree = "<group>";
		};
		ACAA9F6E1AD6AA3A003390CA /* Documentation */ = {
			isa = PBXGroup;
			children = (
				ACAA9F6F1AD6AAF1003390CA /* MacPuffBook.pdf */,
				ACAA9F6C1AD6AA2C003390CA /* Progress Logbook */,
				ACAA9F6D1AD6AA2C003390CA /* VARIABLES */,
			);
			name = Documentation;
			sourceTree = "<group>";
		};
/* End PBXGroup section */

/* Begin PBXNativeTarget section */
		AC484DAD1AD6A67E009EB609 /* MacPuf_IPad */ = {
			isa = PBXNativeTarget;
			buildConfigurationList = AC484DCD1AD6A67E009EB609 /* Build configuration list for PBXNativeTarget "MacPuf_IPad" */;
			buildPhases = (
				AC484DAA1AD6A67E009EB609 /* Sources */,
				AC484DAB1AD6A67E009EB609 /* Frameworks */,
				AC484DAC1AD6A67E009EB609 /* Resources */,
			);
			buildRules = (
			);
			dependencies = (
			);
			name = MacPuf_IPad;
			productName = MacPuf_IPad;
			productReference = AC484DAE1AD6A67E009EB609 /* MacPuf_IPad.app */;
			productType = "com.apple.product-type.application";
		};
		AC484DC21AD6A67E009EB609 /* MacPuf_IPadTests */ = {
			isa = PBXNativeTarget;
			buildConfigurationList = AC484DD01AD6A67E009EB609 /* Build configuration list for PBXNativeTarget "MacPuf_IPadTests" */;
			buildPhases = (
				AC484DBF1AD6A67E009EB609 /* Sources */,
				AC484DC01AD6A67E009EB609 /* Frameworks */,
				AC484DC11AD6A67E009EB609 /* Resources */,
			);
			buildRules = (
			);
			dependencies = (
				AC484DC51AD6A67E009EB609 /* PBXTargetDependency */,
			);
			name = MacPuf_IPadTests;
			productName = MacPuf_IPadTests;
			productReference = AC484DC31AD6A67E009EB609 /* MacPuf_IPadTests.xctest */;
			productType = "com.apple.product-type.bundle.unit-test";
		};
/* End PBXNativeTarget section */

/* Begin PBXProject section */
		AC484DA61AD6A67E009EB609 /* Project object */ = {
			isa = PBXProject;
			attributes = {
				LastUpgradeCheck = 0630;
				ORGANIZATIONNAME = "J Michael Dean";
				TargetAttributes = {
					AC484DAD1AD6A67E009EB609 = {
						CreatedOnToolsVersion = 6.3;
					};
					AC484DC21AD6A67E009EB609 = {
						CreatedOnToolsVersion = 6.3;
						TestTargetID = AC484DAD1AD6A67E009EB609;
					};
				};
			};
			buildConfigurationList = AC484DA91AD6A67E009EB609 /* Build configuration list for PBXProject "MacPuf_IPad" */;
			compatibilityVersion = "Xcode 3.2";
			developmentRegion = English;
			hasScannedForEncodings = 0;
			knownRegions = (
				en,
				Base,
			);
			mainGroup = AC484DA51AD6A67E009EB609;
			productRefGroup = AC484DAF1AD6A67E009EB609 /* Products */;
			projectDirPath = "";
			projectRoot = "";
			targets = (
				AC484DAD1AD6A67E009EB609 /* MacPuf_IPad */,
				AC484DC21AD6A67E009EB609 /* MacPuf_IPadTests */,
			);
		};
/* End PBXProject section */

/* Begin PBXResourcesBuildPhase section */
		AC484DAC1AD6A67E009EB609 /* Resources */ = {
			isa = PBXResourcesBuildPhase;
			buildActionMask = 2147483647;
			files = (
				ACAA9F701AD6AAF1003390CA /* MacPuffBook.pdf in Resources */,
				AC484DB91AD6A67E009EB609 /* Main.storyboard in Resources */,
				AC484DBE1AD6A67E009EB609 /* LaunchScreen.xib in Resources */,
				AC484DBB1AD6A67E009EB609 /* Images.xcassets in Resources */,
			);
			runOnlyForDeploymentPostprocessing = 0;
		};
		AC484DC11AD6A67E009EB609 /* Resources */ = {
			isa = PBXResourcesBuildPhase;
			buildActionMask = 2147483647;
			files = (
			);
			runOnlyForDeploymentPostprocessing = 0;
		};
/* End PBXResourcesBuildPhase section */

/* Begin PBXSourcesBuildPhase section */
		AC484DAA1AD6A67E009EB609 /* Sources */ = {
			isa = PBXSourcesBuildPhase;
			buildActionMask = 2147483647;
			files = (
				ACAA9F6B1AD6A9E8003390CA /* Metabolizer.swift in Sources */,
				AC484DB61AD6A67E009EB609 /* ViewController.swift in Sources */,
				AC6481EB1AD83981004FD214 /* Heart.swift in Sources */,
				AC484DB41AD6A67E009EB609 /* AppDelegate.swift in Sources */,
				AC6481EF1AD97A01004FD214 /* Bag.swift in Sources */,
				ACAA9F741AD6ADBD003390CA /* ArterialPool.swift in Sources */,
			);
			runOnlyForDeploymentPostprocessing = 0;
		};
		AC484DBF1AD6A67E009EB609 /* Sources */ = {
			isa = PBXSourcesBuildPhase;
			buildActionMask = 2147483647;
			files = (
				AC484DCA1AD6A67E009EB609 /* MacPuf_IPadTests.swift in Sources */,
			);
			runOnlyForDeploymentPostprocessing = 0;
		};
/* End PBXSourcesBuildPhase section */

/* Begin PBXTargetDependency section */
		AC484DC51AD6A67E009EB609 /* PBXTargetDependency */ = {
			isa = PBXTargetDependency;
			target = AC484DAD1AD6A67E009EB609 /* MacPuf_IPad */;
			targetProxy = AC484DC41AD6A67E009EB609 /* PBXContainerItemProxy */;
		};
/* End PBXTargetDependency section */

/* Begin PBXVariantGroup section */
		AC484DB71AD6A67E009EB609 /* Main.storyboard */ = {
			isa = PBXVariantGroup;
			children = (
				AC484DB81AD6A67E009EB609 /* Base */,
			);
			name = Main.storyboard;
			sourceTree = "<group>";
		};
		AC484DBC1AD6A67E009EB609 /* LaunchScreen.xib */ = {
			isa = PBXVariantGroup;
			children = (
				AC484DBD1AD6A67E009EB609 /* Base */,
			);
			name = LaunchScreen.xib;
			sourceTree = "<group>";
		};
/* End PBXVariantGroup section */

/* Begin XCBuildConfiguration section */
		AC484DCB1AD6A67E009EB609 /* Debug */ = {
			isa = XCBuildConfiguration;
			buildSettings = {
				ALWAYS_SEARCH_USER_PATHS = NO;
				CLANG_CXX_LANGUAGE_STANDARD = "gnu++0x";
				CLANG_CXX_LIBRARY = "libc++";
				CLANG_ENABLE_MODULES = YES;
				CLANG_ENABLE_OBJC_ARC = YES;
				CLANG_WARN_BOOL_CONVERSION = YES;
				CLANG_WARN_CONSTANT_CONVERSION = YES;
				CLANG_WARN_DIRECT_OBJC_ISA_USAGE = YES_ERROR;
				CLANG_WARN_EMPTY_BODY = YES;
				CLANG_WARN_ENUM_CONVERSION = YES;
				CLANG_WARN_INT_CONVERSION = YES;
				CLANG_WARN_OBJC_ROOT_CLASS = YES_ERROR;
				CLANG_WARN_UNREACHABLE_CODE = YES;
				CLANG_WARN__DUPLICATE_METHOD_MATCH = YES;
				"CODE_SIGN_IDENTITY[sdk=iphoneos*]" = "iPhone Developer";
				COPY_PHASE_STRIP = NO;
				DEBUG_INFORMATION_FORMAT = "dwarf-with-dsym";
				ENABLE_STRICT_OBJC_MSGSEND = YES;
				GCC_C_LANGUAGE_STANDARD = gnu99;
				GCC_DYNAMIC_NO_PIC = NO;
				GCC_NO_COMMON_BLOCKS = YES;
				GCC_OPTIMIZATION_LEVEL = 0;
				GCC_PREPROCESSOR_DEFINITIONS = (
					"DEBUG=1",
					"$(inherited)",
				);
				GCC_SYMBOLS_PRIVATE_EXTERN = NO;
				GCC_WARN_64_TO_32_BIT_CONVERSION = YES;
				GCC_WARN_ABOUT_RETURN_TYPE = YES_ERROR;
				GCC_WARN_UNDECLARED_SELECTOR = YES;
				GCC_WARN_UNINITIALIZED_AUTOS = YES_AGGRESSIVE;
				GCC_WARN_UNUSED_FUNCTION = YES;
				GCC_WARN_UNUSED_VARIABLE = YES;
				IPHONEOS_DEPLOYMENT_TARGET = 8.3;
				MTL_ENABLE_DEBUG_INFO = YES;
				ONLY_ACTIVE_ARCH = YES;
				SDKROOT = iphoneos;
				SWIFT_OPTIMIZATION_LEVEL = "-Onone";
				TARGETED_DEVICE_FAMILY = 2;
			};
			name = Debug;
		};
		AC484DCC1AD6A67E009EB609 /* Release */ = {
			isa = XCBuildConfiguration;
			buildSettings = {
				ALWAYS_SEARCH_USER_PATHS = NO;
				CLANG_CXX_LANGUAGE_STANDARD = "gnu++0x";
				CLANG_CXX_LIBRARY = "libc++";
				CLANG_ENABLE_MODULES = YES;
				CLANG_ENABLE_OBJC_ARC = YES;
				CLANG_WARN_BOOL_CONVERSION = YES;
				CLANG_WARN_CONSTANT_CONVERSION = YES;
				CLANG_WARN_DIRECT_OBJC_ISA_USAGE = YES_ERROR;
				CLANG_WARN_EMPTY_BODY = YES;
				CLANG_WARN_ENUM_CONVERSION = YES;
				CLANG_WARN_INT_CONVERSION = YES;
				CLANG_WARN_OBJC_ROOT_CLASS = YES_ERROR;
				CLANG_WARN_UNREACHABLE_CODE = YES;
				CLANG_WARN__DUPLICATE_METHOD_MATCH = YES;
				"CODE_SIGN_IDENTITY[sdk=iphoneos*]" = "iPhone Developer";
				COPY_PHASE_STRIP = NO;
				DEBUG_INFORMATION_FORMAT = "dwarf-with-dsym";
				ENABLE_NS_ASSERTIONS = NO;
				ENABLE_STRICT_OBJC_MSGSEND = YES;
				GCC_C_LANGUAGE_STANDARD = gnu99;
				GCC_NO_COMMON_BLOCKS = YES;
				GCC_WARN_64_TO_32_BIT_CONVERSION = YES;
				GCC_WARN_ABOUT_RETURN_TYPE = YES_ERROR;
				GCC_WARN_UNDECLARED_SELECTOR = YES;
				GCC_WARN_UNINITIALIZED_AUTOS = YES_AGGRESSIVE;
				GCC_WARN_UNUSED_FUNCTION = YES;
				GCC_WARN_UNUSED_VARIABLE = YES;
				IPHONEOS_DEPLOYMENT_TARGET = 8.3;
				MTL_ENABLE_DEBUG_INFO = NO;
				SDKROOT = iphoneos;
				TARGETED_DEVICE_FAMILY = 2;
				VALIDATE_PRODUCT = YES;
			};
			name = Release;
		};
		AC484DCE1AD6A67E009EB609 /* Debug */ = {
			isa = XCBuildConfiguration;
			buildSettings = {
				ASSETCATALOG_COMPILER_APPICON_NAME = AppIcon;
				INFOPLIST_FILE = MacPuf_IPad/Info.plist;
				LD_RUNPATH_SEARCH_PATHS = "$(inherited) @executable_path/Frameworks";
				PRODUCT_NAME = "$(TARGET_NAME)";
			};
			name = Debug;
		};
		AC484DCF1AD6A67E009EB609 /* Release */ = {
			isa = XCBuildConfiguration;
			buildSettings = {
				ASSETCATALOG_COMPILER_APPICON_NAME = AppIcon;
				INFOPLIST_FILE = MacPuf_IPad/Info.plist;
				LD_RUNPATH_SEARCH_PATHS = "$(inherited) @executable_path/Frameworks";
				PRODUCT_NAME = "$(TARGET_NAME)";
			};
			name = Release;
		};
		AC484DD11AD6A67E009EB609 /* Debug */ = {
			isa = XCBuildConfiguration;
			buildSettings = {
				BUNDLE_LOADER = "$(TEST_HOST)";
				FRAMEWORK_SEARCH_PATHS = (
					"$(SDKROOT)/Developer/Library/Frameworks",
					"$(inherited)",
				);
				GCC_PREPROCESSOR_DEFINITIONS = (
					"DEBUG=1",
					"$(inherited)",
				);
				INFOPLIST_FILE = MacPuf_IPadTests/Info.plist;
				LD_RUNPATH_SEARCH_PATHS = "$(inherited) @executable_path/Frameworks @loader_path/Frameworks";
				PRODUCT_NAME = "$(TARGET_NAME)";
				TEST_HOST = "$(BUILT_PRODUCTS_DIR)/MacPuf_IPad.app/MacPuf_IPad";
			};
			name = Debug;
		};
		AC484DD21AD6A67E009EB609 /* Release */ = {
			isa = XCBuildConfiguration;
			buildSettings = {
				BUNDLE_LOADER = "$(TEST_HOST)";
				FRAMEWORK_SEARCH_PATHS = (
					"$(SDKROOT)/Developer/Library/Frameworks",
					"$(inherited)",
				);
				INFOPLIST_FILE = MacPuf_IPadTests/Info.plist;
				LD_RUNPATH_SEARCH_PATHS = "$(inherited) @executable_path/Frameworks @loader_path/Frameworks";
				PRODUCT_NAME = "$(TARGET_NAME)";
				TEST_HOST = "$(BUILT_PRODUCTS_DIR)/MacPuf_IPad.app/MacPuf_IPad";
			};
			name = Release;
		};
/* End XCBuildConfiguration section */

/* Begin XCConfigurationList section */
		AC484DA91AD6A67E009EB609 /* Build configuration list for PBXProject "MacPuf_IPad" */ = {
			isa = XCConfigurationList;
			buildConfigurations = (
				AC484DCB1AD6A67E009EB609 /* Debug */,
				AC484DCC1AD6A67E009EB609 /* Release */,
			);
			defaultConfigurationIsVisible = 0;
			defaultConfigurationName = Release;
		};
		AC484DCD1AD6A67E009EB609 /* Build configuration list for PBXNativeTarget "MacPuf_IPad" */ = {
			isa = XCConfigurationList;
			buildConfigurations = (
				AC484DCE1AD6A67E009EB609 /* Debug */,
				AC484DCF1AD6A67E009EB609 /* Release */,
			);
			defaultConfigurationIsVisible = 0;
			defaultConfigurationName = Release;
		};
		AC484DD01AD6A67E009EB609 /* Build configuration list for PBXNativeTarget "MacPuf_IPadTests" */ = {
			isa = XCConfigurationList;
			buildConfigurations = (
				AC484DD11AD6A67E009EB609 /* Debug */,
				AC484DD21AD6A67E009EB609 /* Release */,
			);
			defaultConfigurationIsVisible = 0;
			defaultConfigurationName = Release;
		};
/* End XCConfigurationList section */
	};
	rootObject = AC484DA61AD6A67E009EB609 /* Project object */;
}
